
Microsoft Visual Studio Solution File, Format Version 12.00
# Visual Studio Version 17
VisualStudioVersion = 17.6.33829.357
MinimumVisualStudioVersion = 10.0.40219.1
Project("{9A19103F-16F7-4668-BE54-9A1E7A4F7556}") = "SAE 2.01 SDIS BOS", "SAE 2.01 SDIS BOS\SAE 2.01 SDIS BOS.csproj", "{54452E9B-31A3-4D44-B48D-79467786407D}"
EndProject
Global
	GlobalSection(SolutionConfigurationPlatforms) = preSolution
		Debug|Any CPU = Debug|Any CPU
		Release|Any CPU = Release|Any CPU
	EndGlobalSection
	GlobalSection(ProjectConfigurationPlatforms) = postSolution
		{54452E9B-31A3-4D44-B48D-79467786407D}.Debug|Any CPU.ActiveCfg = Debug|Any CPU
		{54452E9B-31A3-4D44-B48D-79467786407D}.Debug|Any CPU.Build.0 = Debug|Any CPU
		{54452E9B-31A3-4D44-B48D-79467786407D}.Release|Any CPU.ActiveCfg = Release|Any CPU
		{54452E9B-31A3-4D44-B48D-79467786407D}.Release|Any CPU.Build.0 = Release|Any CPU
	EndGlobalSection
	GlobalSection(SolutionProperties) = preSolution
		HideSolutionNode = FALSE
	EndGlobalSection
	GlobalSection(ExtensibilityGlobals) = postSolution
		SolutionGuid = {90CA02F4-B82E-4AA8-A3A6-5AB0E7237F5F}
	EndGlobalSection
EndGlobal
